
Microsoft Visual Studio Solution File, Format Version 12.00
# Visual Studio Version 16
VisualStudioVersion = 16.0.31129.286
MinimumVisualStudioVersion = 10.0.40219.1
Project("{FAE04EC0-301F-11D3-BF4B-00C04F79EFBC}") = "WebShop", "WebShop\WebShop.csproj", "{DC8EE54F-8B97-43CA-8C6A-3469A46A7E36}"
EndProject
Global
	GlobalSection(SolutionConfigurationPlatforms) = preSolution
		Debug|Any CPU = Debug|Any CPU
		Release|Any CPU = Release|Any CPU
	EndGlobalSection
	GlobalSection(ProjectConfigurationPlatforms) = postSolution
		{DC8EE54F-8B97-43CA-8C6A-3469A46A7E36}.Debug|Any CPU.ActiveCfg = Debug|Any CPU
		{DC8EE54F-8B97-43CA-8C6A-3469A46A7E36}.Debug|Any CPU.Build.0 = Debug|Any CPU
		{DC8EE54F-8B97-43CA-8C6A-3469A46A7E36}.Release|Any CPU.ActiveCfg = Release|Any CPU
		{DC8EE54F-8B97-43CA-8C6A-3469A46A7E36}.Release|Any CPU.Build.0 = Release|Any CPU
	EndGlobalSection
	GlobalSection(SolutionProperties) = preSolution
		HideSolutionNode = FALSE
	EndGlobalSection
	GlobalSection(ExtensibilityGlobals) = postSolution
		SolutionGuid = {E16D2128-2A68-4345-9AB5-1C3F34513BE5}
	EndGlobalSection
EndGlobal
